dependencies:
  idf:
    component_hash: null
    source:
      type: idf
    version: 5.2.0
  protocol_examples_common:
    component_hash: null
    source:
      path: /home/lenovo/esp/esp-idf/examples/common_components/protocol_examples_common
      type: local
    version: '*'
manifest_hash: 71eeaf5e8db83e4725eb3683abd215dfdce74a206536b07276bf2186a3679eb9
target: esp32
version: 1.0.0
